
Microsoft Visual Studio Solution File, Format Version 12.00
# Visual Studio Version 17
VisualStudioVersion = 17.4.33213.308
MinimumVisualStudioVersion = 10.0.40219.1
Project("{9A19103F-16F7-4668-BE54-9A1E7A4F7556}") = "SimpleCalc", "JuniorProjects\SimpleCalc.csproj", "{6BCDFA25-AA47-4D67-8B4F-8F904DEE56FB}"
EndProject
Project("{9A19103F-16F7-4668-BE54-9A1E7A4F7556}") = "Notepad", "Notepad\Notepad.csproj", "{92DC9AB0-0448-49A8-8706-6E88FC489EC6}"
EndProject
Project("{FAE04EC0-301F-11D3-BF4B-00C04F79EFBC}") = "CodeWarsSolutions", "CodeWarsSolutions\CodeWarsSolutions.csproj", "{3432DAA0-3F4E-4BC9-89BF-DB34D52AED94}"
EndProject
Global
	GlobalSection(SolutionConfigurationPlatforms) = preSolution
		Debug|Any CPU = Debug|Any CPU
		Release|Any CPU = Release|Any CPU
	EndGlobalSection
	GlobalSection(ProjectConfigurationPlatforms) = postSolution
		{6BCDFA25-AA47-4D67-8B4F-8F904DEE56FB}.Debug|Any CPU.ActiveCfg = Debug|Any CPU
		{6BCDFA25-AA47-4D67-8B4F-8F904DEE56FB}.Debug|Any CPU.Build.0 = Debug|Any CPU
		{6BCDFA25-AA47-4D67-8B4F-8F904DEE56FB}.Release|Any CPU.ActiveCfg = Release|Any CPU
		{6BCDFA25-AA47-4D67-8B4F-8F904DEE56FB}.Release|Any CPU.Build.0 = Release|Any CPU
		{92DC9AB0-0448-49A8-8706-6E88FC489EC6}.Debug|Any CPU.ActiveCfg = Debug|Any CPU
		{92DC9AB0-0448-49A8-8706-6E88FC489EC6}.Debug|Any CPU.Build.0 = Debug|Any CPU
		{92DC9AB0-0448-49A8-8706-6E88FC489EC6}.Release|Any CPU.ActiveCfg = Release|Any CPU
		{92DC9AB0-0448-49A8-8706-6E88FC489EC6}.Release|Any CPU.Build.0 = Release|Any CPU
		{3432DAA0-3F4E-4BC9-89BF-DB34D52AED94}.Debug|Any CPU.ActiveCfg = Debug|Any CPU
		{3432DAA0-3F4E-4BC9-89BF-DB34D52AED94}.Debug|Any CPU.Build.0 = Debug|Any CPU
		{3432DAA0-3F4E-4BC9-89BF-DB34D52AED94}.Release|Any CPU.ActiveCfg = Release|Any CPU
		{3432DAA0-3F4E-4BC9-89BF-DB34D52AED94}.Release|Any CPU.Build.0 = Release|Any CPU
	EndGlobalSection
	GlobalSection(SolutionProperties) = preSolution
		HideSolutionNode = FALSE
	EndGlobalSection
	GlobalSection(ExtensibilityGlobals) = postSolution
		SolutionGuid = {EB43EC75-D311-4A8F-9868-C4D29C38A92E}
	EndGlobalSection
EndGlobal
